schema: '2.0'
stages:
  process:
    cmd: python src/process_data.py
    deps:
    - path: data/raw
      md5: 8c4ae7c2f53adc246c2d64dc8e264738.dir
      size: 100951
      nfiles: 1
    - path: src/process_data.py
      md5: 996ccb3e0f024a915417f77a58ad9cde
      size: 1237
    params:
      params.yaml:
        data:
          raw: data/raw/winequality-red.csv
          intermediate: data/intermediate
        process:
          feature: quality
          test_size: 0.2
    outs:
    - path: data/intermediate
      md5: a9ef88a66f785d4bbf81b9e35ecb554f.dir
      size: 194723
      nfiles: 4
  train:
    cmd: python src/train.py
    deps:
    - path: data/intermediate
      md5: a9ef88a66f785d4bbf81b9e35ecb554f.dir
      size: 194723
      nfiles: 4
    - path: src/train.py
      md5: 4894d7536ca0f4a1a449ff44fd228adf
      size: 1658
    params:
      params.yaml:
        data:
          raw: data/raw/winequality-red.csv
          intermediate: data/intermediate
        model: model/svm
        train:
          hyperparameters:
            svm__kernel:
            - linear
            svm__C:
            - 0.1
            - 1
            - 10
            - 100
            svm__gamma:
            - 0.1
            - 1
            - 10
          grid_search:
            cv: 2
            scoring: accuracy
            verbose: 3
    outs:
    - path: model/svm
      md5: 153c61a746128716d30861984b91d94a
      size: 148163
      isexec: true
    - path: model/svm.mlem
      md5: b9976a485a05f97fca36c2c428f2fd2d
      size: 1263
      isexec: true
  evaluate:
    cmd: python src/evaluate.py
    deps:
    - path: data/intermediate
      md5: a9ef88a66f785d4bbf81b9e35ecb554f.dir
      size: 194723
      nfiles: 4
    - path: model/svm
      md5: 153c61a746128716d30861984b91d94a
      size: 148163
    - path: src/evaluate.py
      md5: 912aac9c6e00b70858f1d47bd16e51a0
      size: 803
    params:
      params.yaml:
        data:
          raw: data/raw/winequality-red.csv
          intermediate: data/intermediate
        model: model/svm
    outs:
    - path: dvclive/metrics.json
      md5: d71ae0196bba8e553dbad618e306517b
      size: 28
